// !$*UTF8*$!
{
	archiveVersion = 1;
	classes = {
	};
	objectVersion = 56;
	objects = {

/* Begin PBXBuildFile section */
		43AED6852C31440000FC03E0 /* postHeaderTableViewCell.swift in Sources */ = {isa = PBXBuildFile; fileRef = 43AED6842C31440000FC03E0 /* postHeaderTableViewCell.swift */; };
		43BF57032C2C89DA00C21532 /* AppDelegate.swift in Sources */ = {isa = PBXBuildFile; fileRef = 43BF57022C2C89DA00C21532 /* AppDelegate.swift */; };
		43BF57052C2C89DA00C21532 /* SceneDelegate.swift in Sources */ = {isa = PBXBuildFile; fileRef = 43BF57042C2C89DA00C21532 /* SceneDelegate.swift */; };
		43BF57072C2C89DA00C21532 /* ViewController.swift in Sources */ = {isa = PBXBuildFile; fileRef = 43BF57062C2C89DA00C21532 /* ViewController.swift */; };
		43BF570C2C2C89DB00C21532 /* Assets.xcassets in Resources */ = {isa = PBXBuildFile; fileRef = 43BF570B2C2C89DB00C21532 /* Assets.xcassets */; };
		43BF570F2C2C89DB00C21532 /* LaunchScreen.storyboard in Resources */ = {isa = PBXBuildFile; fileRef = 43BF570D2C2C89DB00C21532 /* LaunchScreen.storyboard */; };
		43BF57172C2C8B8900C21532 /* databaseManager.swift in Sources */ = {isa = PBXBuildFile; fileRef = 43BF57162C2C8B8900C21532 /* databaseManager.swift */; };
		43BF57192C2C8BD400C21532 /* postModel.swift in Sources */ = {isa = PBXBuildFile; fileRef = 43BF57182C2C8BD400C21532 /* postModel.swift */; };
		43BF571B2C2C958B00C21532 /* newsTableViewCell.swift in Sources */ = {isa = PBXBuildFile; fileRef = 43BF571A2C2C958B00C21532 /* newsTableViewCell.swift */; };
		43E70AD82C31A070004BD6FB /* NewsViewController.swift in Sources */ = {isa = PBXBuildFile; fileRef = 43E70AD72C31A070004BD6FB /* NewsViewController.swift */; };
/* End PBXBuildFile section */

/* Begin PBXFileReference section */
		43AED6842C31440000FC03E0 /* postHeaderTableViewCell.swift */ = {isa = PBXFileReference; lastKnownFileType = sourcecode.swift; path = postHeaderTableViewCell.swift; sourceTree = "<group>"; };
		43BF56FF2C2C89DA00C21532 /* autodocTEST.app */ = {isa = PBXFileReference; explicitFileType = wrapper.application; includeInIndex = 0; path = autodocTEST.app; sourceTree = BUILT_PRODUCTS_DIR; };
		43BF57022C2C89DA00C21532 /* AppDelegate.swift */ = {isa = PBXFileReference; lastKnownFileType = sourcecode.swift; path = AppDelegate.swift; sourceTree = "<group>"; };
		43BF57042C2C89DA00C21532 /* SceneDelegate.swift */ = {isa = PBXFileReference; lastKnownFileType = sourcecode.swift; path = SceneDelegate.swift; sourceTree = "<group>"; };
		43BF57062C2C89DA00C21532 /* ViewController.swift */ = {isa = PBXFileReference; lastKnownFileType = sourcecode.swift; path = ViewController.swift; sourceTree = "<group>"; };
		43BF570B2C2C89DB00C21532 /* Assets.xcassets */ = {isa = PBXFileReference; lastKnownFileType = folder.assetcatalog; path = Assets.xcassets; sourceTree = "<group>"; };
		43BF570E2C2C89DB00C21532 /* Base */ = {isa = PBXFileReference; lastKnownFileType = file.storyboard; name = Base; path = Base.lproj/LaunchScreen.storyboard; sourceTree = "<group>"; };
		43BF57102C2C89DB00C21532 /* Info.plist */ = {isa = PBXFileReference; lastKnownFileType = text.plist.xml; path = Info.plist; sourceTree = "<group>"; };
		43BF57162C2C8B8900C21532 /* databaseManager.swift */ = {isa = PBXFileReference; lastKnownFileType = sourcecode.swift; path = databaseManager.swift; sourceTree = "<group>"; };
		43BF57182C2C8BD400C21532 /* postModel.swift */ = {isa = PBXFileReference; lastKnownFileType = sourcecode.swift; path = postModel.swift; sourceTree = "<group>"; };
		43BF571A2C2C958B00C21532 /* newsTableViewCell.swift */ = {isa = PBXFileReference; lastKnownFileType = sourcecode.swift; path = newsTableViewCell.swift; sourceTree = "<group>"; };
		43E70AD72C31A070004BD6FB /* NewsViewController.swift */ = {isa = PBXFileReference; lastKnownFileType = sourcecode.swift; path = NewsViewController.swift; sourceTree = "<group>"; };
/* End PBXFileReference section */

/* Begin PBXFrameworksBuildPhase section */
		43BF56FC2C2C89DA00C21532 /* Frameworks */ = {
			isa = PBXFrameworksBuildPhase;
			buildActionMask = 2147483647;
			files = (
			);
			runOnlyForDeploymentPostprocessing = 0;
		};
/* End PBXFrameworksBuildPhase section */

/* Begin PBXGroup section */
		43BF56F62C2C89DA00C21532 = {
			isa = PBXGroup;
			children = (
				43BF57012C2C89DA00C21532 /* autodocTEST */,
				43BF57002C2C89DA00C21532 /* Products */,
			);
			sourceTree = "<group>";
		};
		43BF57002C2C89DA00C21532 /* Products */ = {
			isa = PBXGroup;
			children = (
				43BF56FF2C2C89DA00C21532 /* autodocTEST.app */,
			);
			name = Products;
			sourceTree = "<group>";
		};
		43BF57012C2C89DA00C21532 /* autodocTEST */ = {
			isa = PBXGroup;
			children = (
				43BF57022C2C89DA00C21532 /* AppDelegate.swift */,
				43BF57042C2C89DA00C21532 /* SceneDelegate.swift */,
				43BF57062C2C89DA00C21532 /* ViewController.swift */,
				43AED6842C31440000FC03E0 /* postHeaderTableViewCell.swift */,
				43BF571A2C2C958B00C21532 /* newsTableViewCell.swift */,
				43BF57162C2C8B8900C21532 /* databaseManager.swift */,
				43E70AD72C31A070004BD6FB /* NewsViewController.swift */,
				43BF57182C2C8BD400C21532 /* postModel.swift */,
				43BF570B2C2C89DB00C21532 /* Assets.xcassets */,
				43BF570D2C2C89DB00C21532 /* LaunchScreen.storyboard */,
				43BF57102C2C89DB00C21532 /* Info.plist */,
			);
			path = autodocTEST;
			sourceTree = "<group>";
		};
/* End PBXGroup section */

/* Begin PBXNativeTarget section */
		43BF56FE2C2C89DA00C21532 /* autodocTEST */ = {
			isa = PBXNativeTarget;
			buildConfigurationList = 43BF57132C2C89DB00C21532 /* Build configuration list for PBXNativeTarget "autodocTEST" */;
			buildPhases = (
				43BF56FB2C2C89DA00C21532 /* Sources */,
				43BF56FC2C2C89DA00C21532 /* Frameworks */,
				43BF56FD2C2C89DA00C21532 /* Resources */,
			);
			buildRules = (
			);
			dependencies = (
			);
			name = autodocTEST;
			productName = autodocTEST;
			productReference = 43BF56FF2C2C89DA00C21532 /* autodocTEST.app */;
			productType = "com.apple.product-type.application";
		};
/* End PBXNativeTarget section */

/* Begin PBXProject section */
		43BF56F72C2C89DA00C21532 /* Project object */ = {
			isa = PBXProject;
			attributes = {
				BuildIndependentTargetsInParallel = 1;
				LastSwiftUpdateCheck = 1500;
				LastUpgradeCheck = 1500;
				TargetAttributes = {
					43BF56FE2C2C89DA00C21532 = {
						CreatedOnToolsVersion = 15.0.1;
					};
				};
			};
			buildConfigurationList = 43BF56FA2C2C89DA00C21532 /* Build configuration list for PBXProject "autodocTEST" */;
			compatibilityVersion = "Xcode 14.0";
			developmentRegion = en;
			hasScannedForEncodings = 0;
			knownRegions = (
				en,
				Base,
			);
			mainGroup = 43BF56F62C2C89DA00C21532;
			productRefGroup = 43BF57002C2C89DA00C21532 /* Products */;
			projectDirPath = "";
			projectRoot = "";
			targets = (
				43BF56FE2C2C89DA00C21532 /* autodocTEST */,
			);
		};
/* End PBXProject section */

/* Begin PBXResourcesBuildPhase section */
		43BF56FD2C2C89DA00C21532 /* Resources */ = {
			isa = PBXResourcesBuildPhase;
			buildActionMask = 2147483647;
			files = (
				43BF570F2C2C89DB00C21532 /* LaunchScreen.storyboard in Resources */,
				43BF570C2C2C89DB00C21532 /* Assets.xcassets in Resources */,
			);
			runOnlyForDeploymentPostprocessing = 0;
		};
/* End PBXResourcesBuildPhase section */

/* Begin PBXSourcesBuildPhase section */
		43BF56FB2C2C89DA00C21532 /* Sources */ = {
			isa = PBXSourcesBuildPhase;
			buildActionMask = 2147483647;
			files = (
				43BF571B2C2C958B00C21532 /* newsTableViewCell.swift in Sources */,
				43AED6852C31440000FC03E0 /* postHeaderTableViewCell.swift in Sources */,
				43BF57192C2C8BD400C21532 /* postModel.swift in Sources */,
				43BF57172C2C8B8900C21532 /* databaseManager.swift in Sources */,
				43BF57072C2C89DA00C21532 /* ViewController.swift in Sources */,
				43BF57032C2C89DA00C21532 /* AppDelegate.swift in Sources */,
				43BF57052C2C89DA00C21532 /* SceneDelegate.swift in Sources */,
				43E70AD82C31A070004BD6FB /* NewsViewController.swift in Sources */,
			);
			runOnlyForDeploymentPostprocessing = 0;
		};
/* End PBXSourcesBuildPhase section */

/* Begin PBXVariantGroup section */
		43BF570D2C2C89DB00C21532 /* LaunchScreen.storyboard */ = {
			isa = PBXVariantGroup;
			children = (
				43BF570E2C2C89DB00C21532 /* Base */,
			);
			name = LaunchScreen.storyboard;
			sourceTree = "<group>";
		};
/* End PBXVariantGroup section */

/* Begin XCBuildConfiguration section */
		43BF57112C2C89DB00C21532 /* Debug */ = {
			isa = XCBuildConfiguration;
			buildSettings = {
				ALWAYS_SEARCH_USER_PATHS = NO;
				ASSETCATALOG_COMPILER_GENERATE_SWIFT_ASSET_SYMBOL_EXTENSIONS = YES;
				CLANG_ANALYZER_NONNULL = YES;
				CLANG_ANALYZER_NUMBER_OBJECT_CONVERSION = YES_AGGRESSIVE;
				CLANG_CXX_LANGUAGE_STANDARD = "gnu++20";
				CLANG_ENABLE_MODULES = YES;
				CLANG_ENABLE_OBJC_ARC = YES;
				CLANG_ENABLE_OBJC_WEAK = YES;
				CLANG_WARN_BLOCK_CAPTURE_AUTORELEASING = YES;
				CLANG_WARN_BOOL_CONVERSION = YES;
				CLANG_WARN_COMMA = YES;
				CLANG_WARN_CONSTANT_CONVERSION = YES;
				CLANG_WARN_DEPRECATED_OBJC_IMPLEMENTATIONS = YES;
				CLANG_WARN_DIRECT_OBJC_ISA_USAGE = YES_ERROR;
				CLANG_WARN_DOCUMENTATION_COMMENTS = YES;
				CLANG_WARN_EMPTY_BODY = YES;
				CLANG_WARN_ENUM_CONVERSION = YES;
				CLANG_WARN_INFINITE_RECURSION = YES;
				CLANG_WARN_INT_CONVERSION = YES;
				CLANG_WARN_NON_LITERAL_NULL_CONVERSION = YES;
				CLANG_WARN_OBJC_IMPLICIT_RETAIN_SELF = YES;
				CLANG_WARN_OBJC_LITERAL_CONVERSION = YES;
				CLANG_WARN_OBJC_ROOT_CLASS = YES_ERROR;
				CLANG_WARN_QUOTED_INCLUDE_IN_FRAMEWORK_HEADER = YES;
				CLANG_WARN_RANGE_LOOP_ANALYSIS = YES;
				CLANG_WARN_STRICT_PROTOTYPES = YES;
				CLANG_WARN_SUSPICIOUS_MOVE = YES;
				CLANG_WARN_UNGUARDED_AVAILABILITY = YES_AGGRESSIVE;
				CLANG_WARN_UNREACHABLE_CODE = YES;
				CLANG_WARN__DUPLICATE_METHOD_MATCH = YES;
				COPY_PHASE_STRIP = NO;
				DEBUG_INFORMATION_FORMAT = dwarf;
				ENABLE_STRICT_OBJC_MSGSEND = YES;
				ENABLE_TESTABILITY = YES;
				ENABLE_USER_SCRIPT_SANDBOXING = YES;
				GCC_C_LANGUAGE_STANDARD = gnu17;
				GCC_DYNAMIC_NO_PIC = NO;
				GCC_NO_COMMON_BLOCKS = YES;
				GCC_OPTIMIZATION_LEVEL = 0;
				GCC_PREPROCESSOR_DEFINITIONS = (
					"DEBUG=1",
					"$(inherited)",
				);
				GCC_WARN_64_TO_32_BIT_CONVERSION = YES;
				GCC_WARN_ABOUT_RETURN_TYPE = YES_ERROR;
				GCC_WARN_UNDECLARED_SELECTOR = YES;
				GCC_WARN_UNINITIALIZED_AUTOS = YES_AGGRESSIVE;
				GCC_WARN_UNUSED_FUNCTION = YES;
				GCC_WARN_UNUSED_VARIABLE = YES;
				IPHONEOS_DEPLOYMENT_TARGET = 17.0;
				LOCALIZATION_PREFERS_STRING_CATALOGS = YES;
				MTL_ENABLE_DEBUG_INFO = INCLUDE_SOURCE;
				MTL_FAST_MATH = YES;
				ONLY_ACTIVE_ARCH = YES;
				SDKROOT = iphoneos;
				SWIFT_ACTIVE_COMPILATION_CONDITIONS = "DEBUG $(inherited)";
				SWIFT_OPTIMIZATION_LEVEL = "-Onone";
			};
			name = Debug;
		};
		43BF57122C2C89DB00C21532 /* Release */ = {
			isa = XCBuildConfiguration;
			buildSettings = {
				ALWAYS_SEARCH_USER_PATHS = NO;
				ASSETCATALOG_COMPILER_GENERATE_SWIFT_ASSET_SYMBOL_EXTENSIONS = YES;
				CLANG_ANALYZER_NONNULL = YES;
				CLANG_ANALYZER_NUMBER_OBJECT_CONVERSION = YES_AGGRESSIVE;
				CLANG_CXX_LANGUAGE_STANDARD = "gnu++20";
				CLANG_ENABLE_MODULES = YES;
				CLANG_ENABLE_OBJC_ARC = YES;
				CLANG_ENABLE_OBJC_WEAK = YES;
				CLANG_WARN_BLOCK_CAPTURE_AUTORELEASING = YES;
				CLANG_WARN_BOOL_CONVERSION = YES;
				CLANG_WARN_COMMA = YES;
				CLANG_WARN_CONSTANT_CONVERSION = YES;
				CLANG_WARN_DEPRECATED_OBJC_IMPLEMENTATIONS = YES;
				CLANG_WARN_DIRECT_OBJC_ISA_USAGE = YES_ERROR;
				CLANG_WARN_DOCUMENTATION_COMMENTS = YES;
				CLANG_WARN_EMPTY_BODY = YES;
				CLANG_WARN_ENUM_CONVERSION = YES;
				CLANG_WARN_INFINITE_RECURSION = YES;
				CLANG_WARN_INT_CONVERSION = YES;
				CLANG_WARN_NON_LITERAL_NULL_CONVERSION = YES;
				CLANG_WARN_OBJC_IMPLICIT_RETAIN_SELF = YES;
				CLANG_WARN_OBJC_LITERAL_CONVERSION = YES;
				CLANG_WARN_OBJC_ROOT_CLASS = YES_ERROR;
				CLANG_WARN_QUOTED_INCLUDE_IN_FRAMEWORK_HEADER = YES;
				CLANG_WARN_RANGE_LOOP_ANALYSIS = YES;
				CLANG_WARN_STRICT_PROTOTYPES = YES;
				CLANG_WARN_SUSPICIOUS_MOVE = YES;
				CLANG_WARN_UNGUARDED_AVAILABILITY = YES_AGGRESSIVE;
				CLANG_WARN_UNREACHABLE_CODE = YES;
				CLANG_WARN__DUPLICATE_METHOD_MATCH = YES;
				COPY_PHASE_STRIP = NO;
				DEBUG_INFORMATION_FORMAT = "dwarf-with-dsym";
				ENABLE_NS_ASSERTIONS = NO;
				ENABLE_STRICT_OBJC_MSGSEND = YES;
				ENABLE_USER_SCRIPT_SANDBOXING = YES;
				GCC_C_LANGUAGE_STANDARD = gnu17;
				GCC_NO_COMMON_BLOCKS = YES;
				GCC_WARN_64_TO_32_BIT_CONVERSION = YES;
				GCC_WARN_ABOUT_RETURN_TYPE = YES_ERROR;
				GCC_WARN_UNDECLARED_SELECTOR = YES;
				GCC_WARN_UNINITIALIZED_AUTOS = YES_AGGRESSIVE;
				GCC_WARN_UNUSED_FUNCTION = YES;
				GCC_WARN_UNUSED_VARIABLE = YES;
				IPHONEOS_DEPLOYMENT_TARGET = 17.0;
				LOCALIZATION_PREFERS_STRING_CATALOGS = YES;
				MTL_ENABLE_DEBUG_INFO = NO;
				MTL_FAST_MATH = YES;
				SDKROOT = iphoneos;
				SWIFT_COMPILATION_MODE = wholemodule;
				VALIDATE_PRODUCT = YES;
			};
			name = Release;
		};
		43BF57142C2C89DB00C21532 /* Debug */ = {
			isa = XCBuildConfiguration;
			buildSettings = {
				ASSETCATALOG_COMPILER_APPICON_NAME = AppIcon;
				ASSETCATALOG_COMPILER_GLOBAL_ACCENT_COLOR_NAME = AccentColor;
				CODE_SIGN_STYLE = Automatic;
				CURRENT_PROJECT_VERSION = 1;
				DEVELOPMENT_TEAM = T94G23267J;
				GENERATE_INFOPLIST_FILE = YES;
				INFOPLIST_FILE = autodocTEST/Info.plist;
				INFOPLIST_KEY_UIApplicationSupportsIndirectInputEvents = YES;
				INFOPLIST_KEY_UILaunchStoryboardName = LaunchScreen;
				INFOPLIST_KEY_UISupportedInterfaceOrientations_iPad = "UIInterfaceOrientationPortrait UIInterfaceOrientationPortraitUpsideDown UIInterfaceOrientationLandscapeLeft UIInterfaceOrientationLandscapeRight";
				INFOPLIST_KEY_UISupportedInterfaceOrientations_iPhone = "UIInterfaceOrientationPortrait UIInterfaceOrientationLandscapeLeft UIInterfaceOrientationLandscapeRight";
				IPHONEOS_DEPLOYMENT_TARGET = 14.00;
				LD_RUNPATH_SEARCH_PATHS = (
					"$(inherited)",
					"@executable_path/Frameworks",
				);
				MARKETING_VERSION = 1.0;
				PRODUCT_BUNDLE_IDENTIFIER = Lionsdirect.autodocTEST;
				PRODUCT_NAME = "$(TARGET_NAME)";
				SWIFT_EMIT_LOC_STRINGS = YES;
				SWIFT_VERSION = 5.0;
				TARGETED_DEVICE_FAMILY = "1,2";
			};
			name = Debug;
		};
		43BF57152C2C89DB00C21532 /* Release */ = {
			isa = XCBuildConfiguration;
			buildSettings = {
				ASSETCATALOG_COMPILER_APPICON_NAME = AppIcon;
				ASSETCATALOG_COMPILER_GLOBAL_ACCENT_COLOR_NAME = AccentColor;
				CODE_SIGN_STYLE = Automatic;
				CURRENT_PROJECT_VERSION = 1;
				DEVELOPMENT_TEAM = T94G23267J;
				GENERATE_INFOPLIST_FILE = YES;
				INFOPLIST_FILE = autodocTEST/Info.plist;
				INFOPLIST_KEY_UIApplicationSupportsIndirectInputEvents = YES;
				INFOPLIST_KEY_UILaunchStoryboardName = LaunchScreen;
				INFOPLIST_KEY_UISupportedInterfaceOrientations_iPad = "UIInterfaceOrientationPortrait UIInterfaceOrientationPortraitUpsideDown UIInterfaceOrientationLandscapeLeft UIInterfaceOrientationLandscapeRight";
				INFOPLIST_KEY_UISupportedInterfaceOrientations_iPhone = "UIInterfaceOrientationPortrait UIInterfaceOrientationLandscapeLeft UIInterfaceOrientationLandscapeRight";
				IPHONEOS_DEPLOYMENT_TARGET = 14.00;
				LD_RUNPATH_SEARCH_PATHS = (
					"$(inherited)",
					"@executable_path/Frameworks",
				);
				MARKETING_VERSION = 1.0;
				PRODUCT_BUNDLE_IDENTIFIER = Lionsdirect.autodocTEST;
				PRODUCT_NAME = "$(TARGET_NAME)";
				SWIFT_EMIT_LOC_STRINGS = YES;
				SWIFT_VERSION = 5.0;
				TARGETED_DEVICE_FAMILY = "1,2";
			};
			name = Release;
		};
/* End XCBuildConfiguration section */

/* Begin XCConfigurationList section */
		43BF56FA2C2C89DA00C21532 /* Build configuration list for PBXProject "autodocTEST" */ = {
			isa = XCConfigurationList;
			buildConfigurations = (
				43BF57112C2C89DB00C21532 /* Debug */,
				43BF57122C2C89DB00C21532 /* Release */,
			);
			defaultConfigurationIsVisible = 0;
			defaultConfigurationName = Release;
		};
		43BF57132C2C89DB00C21532 /* Build configuration list for PBXNativeTarget "autodocTEST" */ = {
			isa = XCConfigurationList;
			buildConfigurations = (
				43BF57142C2C89DB00C21532 /* Debug */,
				43BF57152C2C89DB00C21532 /* Release */,
			);
			defaultConfigurationIsVisible = 0;
			defaultConfigurationName = Release;
		};
/* End XCConfigurationList section */
	};
	rootObject = 43BF56F72C2C89DA00C21532 /* Project object */;
}
